
Microsoft Visual Studio Solution File, Format Version 12.00
# Visual Studio Version 17
VisualStudioVersion = 17.1.32328.378
MinimumVisualStudioVersion = 10.0.40219.1
Project("{8BC9CEB8-8B4A-11D0-8D11-00A0C91BC942}") = "Numerics", "Numerics\Numerics.vcxproj", "{C4F5D470-84D5-4B3F-91CC-1886F94DB6B9}"
EndProject
Global
	GlobalSection(SolutionConfigurationPlatforms) = preSolution
		Debug|x64 = Debug|x64
		Debug|x86 = Debug|x86
		Release|x64 = Release|x64
		Release|x86 = Release|x86
	EndGlobalSection
	GlobalSection(ProjectConfigurationPlatforms) = postSolution
		{C4F5D470-84D5-4B3F-91CC-1886F94DB6B9}.Debug|x64.ActiveCfg = Debug|x64
		{C4F5D470-84D5-4B3F-91CC-1886F94DB6B9}.Debug|x64.Build.0 = Debug|x64
		{C4F5D470-84D5-4B3F-91CC-1886F94DB6B9}.Debug|x86.ActiveCfg = Debug|Win32
		{C4F5D470-84D5-4B3F-91CC-1886F94DB6B9}.Debug|x86.Build.0 = Debug|Win32
		{C4F5D470-84D5-4B3F-91CC-1886F94DB6B9}.Release|x64.ActiveCfg = Release|x64
		{C4F5D470-84D5-4B3F-91CC-1886F94DB6B9}.Release|x64.Build.0 = Release|x64
		{C4F5D470-84D5-4B3F-91CC-1886F94DB6B9}.Release|x86.ActiveCfg = Release|Win32
		{C4F5D470-84D5-4B3F-91CC-1886F94DB6B9}.Release|x86.Build.0 = Release|Win32
	EndGlobalSection
	GlobalSection(SolutionProperties) = preSolution
		HideSolutionNode = FALSE
	EndGlobalSection
	GlobalSection(ExtensibilityGlobals) = postSolution
		SolutionGuid = {ED764879-783F-4404-B967-5633FA07D471}
	EndGlobalSection
EndGlobal
